
Microsoft Visual Studio Solution File, Format Version 12.00
# Visual Studio 14
VisualStudioVersion = 14.0.25123.0
MinimumVisualStudioVersion = 10.0.40219.1
Project("{FAE04EC0-301F-11D3-BF4B-00C04F79EFBC}") = "EES.UI", "WindowsFormsApplication1\EES.UI.csproj", "{0C27CFEF-C27F-45BF-A666-EEA8A1E2E115}"
EndProject
Project("{FAE04EC0-301F-11D3-BF4B-00C04F79EFBC}") = "EES", "EES\EES.csproj", "{081C4BC0-3AE6-4AF7-82B6-9004286E4ADB}"
EndProject
Project("{FAE04EC0-301F-11D3-BF4B-00C04F79EFBC}") = "EES.DataAccess", "EES.DataAccess\EES.DataAccess.csproj", "{3E032C6C-3EB5-4CBC-9D64-444284941F68}"
EndProject
Global
	GlobalSection(SolutionConfigurationPlatforms) = preSolution
		Debug|Any CPU = Debug|Any CPU
		Release|Any CPU = Release|Any CPU
	EndGlobalSection
	GlobalSection(ProjectConfigurationPlatforms) = postSolution
		{0C27CFEF-C27F-45BF-A666-EEA8A1E2E115}.Debug|Any CPU.ActiveCfg = Debug|Any CPU
		{0C27CFEF-C27F-45BF-A666-EEA8A1E2E115}.Debug|Any CPU.Build.0 = Debug|Any CPU
		{0C27CFEF-C27F-45BF-A666-EEA8A1E2E115}.Release|Any CPU.ActiveCfg = Release|Any CPU
		{0C27CFEF-C27F-45BF-A666-EEA8A1E2E115}.Release|Any CPU.Build.0 = Release|Any CPU
		{081C4BC0-3AE6-4AF7-82B6-9004286E4ADB}.Debug|Any CPU.ActiveCfg = Debug|Any CPU
		{081C4BC0-3AE6-4AF7-82B6-9004286E4ADB}.Debug|Any CPU.Build.0 = Debug|Any CPU
		{081C4BC0-3AE6-4AF7-82B6-9004286E4ADB}.Release|Any CPU.ActiveCfg = Release|Any CPU
		{081C4BC0-3AE6-4AF7-82B6-9004286E4ADB}.Release|Any CPU.Build.0 = Release|Any CPU
		{3E032C6C-3EB5-4CBC-9D64-444284941F68}.Debug|Any CPU.ActiveCfg = Debug|Any CPU
		{3E032C6C-3EB5-4CBC-9D64-444284941F68}.Debug|Any CPU.Build.0 = Debug|Any CPU
		{3E032C6C-3EB5-4CBC-9D64-444284941F68}.Release|Any CPU.ActiveCfg = Release|Any CPU
		{3E032C6C-3EB5-4CBC-9D64-444284941F68}.Release|Any CPU.Build.0 = Release|Any CPU
	EndGlobalSection
	GlobalSection(SolutionProperties) = preSolution
		HideSolutionNode = FALSE
	EndGlobalSection
EndGlobal
